{
  "name": "3box-orbitdb-plugins",
  "version": "1.0.0",
  "lockfileVersion": 1,
  "requires": true,
  "dependencies": {
    "@babel/runtime": {
      "version": "7.4.5",
      "resolved": "https://registry.npmjs.org/@babel/runtime/-/runtime-7.4.5.tgz",
      "integrity": "sha512-TuI4qpWZP6lGOGIuGWtp9sPluqYICmbk8T/1vpSysqJxRPkudh/ofFWyqdcMsDf2s7KvDL4/YHgKyvcS3g9CJQ==",
      "requires": {
        "regenerator-runtime": "^0.13.2"
      }
    },
    "base64-js": {
      "version": "1.3.0",
      "resolved": "https://registry.npmjs.org/base64-js/-/base64-js-1.3.0.tgz",
      "integrity": "sha512-ccav/yGvoa80BQDljCxsmmQ3Xvx60/UpBIij5QN21W3wBi/hhIC9OoO+KLpu9IJTS9j4DRVJ3aDDF9cMSoa2lw=="
    },
    "base64url": {
      "version": "3.0.1",
      "resolved": "https://registry.npmjs.org/base64url/-/base64url-3.0.1.tgz",
      "integrity": "sha512-ir1UPr3dkwexU7FdV8qBBbNDRUhMmIekYMFZfi+C/sLNnRESKPl23nB9b2pltqfOQNnGzsDdId90AEtG5tCx4A=="
    },
    "bn.js": {
      "version": "4.11.8",
      "resolved": "https://registry.npmjs.org/bn.js/-/bn.js-4.11.8.tgz",
      "integrity": "sha512-ItfYfPLkWHUjckQCk8xC+LwxgK8NYcXywGigJgSwOP8Y2iyWT4f2vsZnoOXTTbo+o5yXmIUJ4gn5538SO5S3gA=="
    },
    "brorand": {
      "version": "1.1.0",
      "resolved": "https://registry.npmjs.org/brorand/-/brorand-1.1.0.tgz",
      "integrity": "sha1-EsJe/kCkXjwyPrhnWgoM5XsiNx8="
    },
    "buffer": {
      "version": "5.2.1",
      "resolved": "https://registry.npmjs.org/buffer/-/buffer-5.2.1.tgz",
      "integrity": "sha512-c+Ko0loDaFfuPWiL02ls9Xd3GO3cPVmUobQ6t3rXNUk304u6hGq+8N/kFi+QEIKhzK3uwolVhLzszmfLmMLnqg==",
      "requires": {
        "base64-js": "^1.0.2",
        "ieee754": "^1.1.4"
      }
    },
    "did-jwt": {
      "version": "0.1.3",
      "resolved": "https://registry.npmjs.org/did-jwt/-/did-jwt-0.1.3.tgz",
      "integrity": "sha512-hZvjC4bstxo6bqFIOAlX90LdSaA5uxMdg0zSFCPm2WwIhgHFp4SfVM6f5yq1ebA5/cJzcUr+MclnTrlEiixuiQ==",
      "requires": {
        "@babel/runtime": "^7.3.1",
        "base64url": "^3.0.1",
        "buffer": "^5.2.1",
        "did-resolver": "0.0.6",
        "elliptic": "^6.4.0",
        "js-sha256": "^0.9.0",
        "js-sha3": "^0.8.0",
        "tweetnacl": "^1.0.1",
        "tweetnacl-util": "^0.15.0"
      }
    },
    "did-resolver": {
      "version": "0.0.6",
      "resolved": "https://registry.npmjs.org/did-resolver/-/did-resolver-0.0.6.tgz",
      "integrity": "sha512-PqxzaoomTbJG3IzEouUGgppu3xrsbGKHS75zS3vS/Hfm56XxLpwIe7yFLokgXUbMWmLa0dczFHOibmebO4wRLA=="
    },
    "elliptic": {
      "version": "6.4.1",
      "resolved": "https://registry.npmjs.org/elliptic/-/elliptic-6.4.1.tgz",
      "integrity": "sha512-BsXLz5sqX8OHcsh7CqBMztyXARmGQ3LWPtGjJi6DiJHq5C/qvi9P3OqgswKSDftbu8+IoI/QDTAm2fFnQ9SZSQ==",
      "requires": {
        "bn.js": "^4.4.0",
        "brorand": "^1.0.1",
        "hash.js": "^1.0.0",
        "hmac-drbg": "^1.0.0",
        "inherits": "^2.0.1",
        "minimalistic-assert": "^1.0.0",
        "minimalistic-crypto-utils": "^1.0.0"
      }
    },
    "hash.js": {
      "version": "1.1.7",
      "resolved": "https://registry.npmjs.org/hash.js/-/hash.js-1.1.7.tgz",
      "integrity": "sha512-taOaskGt4z4SOANNseOviYDvjEJinIkRgmp7LbKP2YTTmVxWBl87s/uzK9r+44BclBSp2X7K1hqeNfz9JbBeXA==",
      "requires": {
        "inherits": "^2.0.3",
        "minimalistic-assert": "^1.0.1"
      }
    },
    "hmac-drbg": {
      "version": "1.0.1",
      "resolved": "https://registry.npmjs.org/hmac-drbg/-/hmac-drbg-1.0.1.tgz",
      "integrity": "sha1-0nRXAQJabHdabFRXk+1QL8DGSaE=",
      "requires": {
        "hash.js": "^1.0.3",
        "minimalistic-assert": "^1.0.0",
        "minimalistic-crypto-utils": "^1.0.1"
      }
    },
    "ieee754": {
      "version": "1.1.13",
      "resolved": "https://registry.npmjs.org/ieee754/-/ieee754-1.1.13.tgz",
      "integrity": "sha512-4vf7I2LYV/HaWerSo3XmlMkp5eZ83i+/CDluXi/IGTs/O1sejBNhTtnxzmRZfvOUqj7lZjqHkeTvpgSFDlWZTg=="
    },
    "inherits": {
      "version": "2.0.3",
      "resolved": "https://registry.npmjs.org/inherits/-/inherits-2.0.3.tgz",
      "integrity": "sha1-Yzwsg+PaQqUC9SRmAiSA9CCCYd4="
    },
    "js-sha256": {
      "version": "0.9.0",
      "resolved": "https://registry.npmjs.org/js-sha256/-/js-sha256-0.9.0.tgz",
      "integrity": "sha512-sga3MHh9sgQN2+pJ9VYZ+1LPwXOxuBJBA5nrR5/ofPfuiJBE2hnjsaN8se8JznOmGLN2p49Pe5U/ttafcs/apA=="
    },
    "js-sha3": {
      "version": "0.8.0",
      "resolved": "https://registry.npmjs.org/js-sha3/-/js-sha3-0.8.0.tgz",
      "integrity": "sha512-gF1cRrHhIzNfToc802P800N8PpXS+evLLXfsVpowqmAFR9uwbi89WvXg2QspOmXL8QL86J4T1EpFu+yUkwJY3Q=="
    },
    "minimalistic-assert": {
      "version": "1.0.1",
      "resolved": "https://registry.npmjs.org/minimalistic-assert/-/minimalistic-assert-1.0.1.tgz",
      "integrity": "sha512-UtJcAD4yEaGtjPezWuO9wC4nwUnVH/8/Im3yEHQP4b67cXlD/Qr9hdITCU1xDbSEXg2XKNaP8jsReV7vQd00/A=="
    },
    "minimalistic-crypto-utils": {
      "version": "1.0.1",
      "resolved": "https://registry.npmjs.org/minimalistic-crypto-utils/-/minimalistic-crypto-utils-1.0.1.tgz",
      "integrity": "sha1-9sAMHAsIIkblxNmd+4x8CDsrWCo="
    },
    "regenerator-runtime": {
      "version": "0.13.2",
      "resolved": "https://registry.npmjs.org/regenerator-runtime/-/regenerator-runtime-0.13.2.tgz",
      "integrity": "sha512-S/TQAZJO+D3m9xeN1WTI8dLKBBiRgXBlTJvbWjCThHWZj9EvHK70Ff50/tYj2J/fvBY6JtFVwRuazHN2E7M9BA=="
    },
    "tweetnacl": {
      "version": "1.0.1",
      "resolved": "https://registry.npmjs.org/tweetnacl/-/tweetnacl-1.0.1.tgz",
      "integrity": "sha512-kcoMoKTPYnoeS50tzoqjPY3Uv9axeuuFAZY9M/9zFnhoVvRfxz9K29IMPD7jGmt2c8SW7i3gT9WqDl2+nV7p4A=="
    },
    "tweetnacl-util": {
      "version": "0.15.0",
      "resolved": "https://registry.npmjs.org/tweetnacl-util/-/tweetnacl-util-0.15.0.tgz",
      "integrity": "sha1-RXbBzuXi1j0gf+5S8boCgZSAvHU="
    }
  }
}
